github.com/ip2location/ip2location-go/v9 v9.5.0 h1:7gqKncm4MhBrpJIK0PmV8o6Bf8YbbSAPjORzyjAv1iM=
github.com/ip2location/ip2location-go/v9 v9.5.0/go.mod h1:s5SV6YZL10TpfPpXw//7fEJC65G/yH7Oh+Tjq9JcQEQ=
github.com/ip2location/ip2proxy-go/v3 v3.4.1 h1:1ibFfsYum98TSWE7LW2IaUOrK4y1qg5eJDKT+B8g54s=
github.com/ip2location/ip2proxy-go/v3 v3.4.1/go.mod h1:QsYxbbXHRLQlb+JtOFdPSoqTVBDxfTNYRlWMETIiJbM=
